
Microsoft Visual Studio Solution File, Format Version 12.00
# Visual Studio 15
VisualStudioVersion = 15.0.27703.2026
MinimumVisualStudioVersion = 10.0.40219.1
Project("{FAE04EC0-301F-11D3-BF4B-00C04F79EFBC}") = "TestOASATelematicsLib", "TestOASATelematicsLib\TestOASATelematicsLib.csproj", "{F784820C-49D8-4D56-8129-E530BA194A32}"
EndProject
Project("{FAE04EC0-301F-11D3-BF4B-00C04F79EFBC}") = "OASA.Telematics.API", "OASA.Telematics.API\OASA.Telematics.API.csproj", "{54961068-DA2A-4A53-97A5-1437B0597F66}"
EndProject
Global
	GlobalSection(SolutionConfigurationPlatforms) = preSolution
		Debug|Any CPU = Debug|Any CPU
		Release|Any CPU = Release|Any CPU
	EndGlobalSection
	GlobalSection(ProjectConfigurationPlatforms) = postSolution
		{F784820C-49D8-4D56-8129-E530BA194A32}.Debug|Any CPU.ActiveCfg = Debug|Any CPU
		{F784820C-49D8-4D56-8129-E530BA194A32}.Debug|Any CPU.Build.0 = Debug|Any CPU
		{F784820C-49D8-4D56-8129-E530BA194A32}.Release|Any CPU.ActiveCfg = Release|Any CPU
		{F784820C-49D8-4D56-8129-E530BA194A32}.Release|Any CPU.Build.0 = Release|Any CPU
		{54961068-DA2A-4A53-97A5-1437B0597F66}.Debug|Any CPU.ActiveCfg = Debug|Any CPU
		{54961068-DA2A-4A53-97A5-1437B0597F66}.Debug|Any CPU.Build.0 = Debug|Any CPU
		{54961068-DA2A-4A53-97A5-1437B0597F66}.Release|Any CPU.ActiveCfg = Release|Any CPU
		{54961068-DA2A-4A53-97A5-1437B0597F66}.Release|Any CPU.Build.0 = Release|Any CPU
	EndGlobalSection
	GlobalSection(SolutionProperties) = preSolution
		HideSolutionNode = FALSE
	EndGlobalSection
	GlobalSection(ExtensibilityGlobals) = postSolution
		SolutionGuid = {5AFB8C8C-98DA-4AB0-8FB6-C398EFF3E001}
	EndGlobalSection
EndGlobal
